
Microsoft Visual Studio Solution File, Format Version 12.00
# Visual Studio Version 17
VisualStudioVersion = 17.14.36811.4 d17.14
MinimumVisualStudioVersion = 10.0.40219.1
Project("{FAE04EC0-301F-11D3-BF4B-00C04F79EFBC}") = "EsercizioTecnicoOD.Console", "EsercizioTecnicoOD.Console\EsercizioTecnicoOD.Console.csproj", "{514F6C7F-95DF-4118-8764-AA9F0A13DDE6}"
EndProject
Project("{FAE04EC0-301F-11D3-BF4B-00C04F79EFBC}") = "EsercizioTecnicoOD.Core", "EsercizioTecnicoOD.Core\EsercizioTecnicoOD.Core.csproj", "{609E93F8-02DF-4764-804F-F4DF7EFCDEA2}"
EndProject
Project("{FAE04EC0-301F-11D3-BF4B-00C04F79EFBC}") = "EsercizioTecnicoOD.Infrastructure", "EsercizioTecnicoOD.Infrastructure\EsercizioTecnicoOD.Infrastructure.csproj", "{932B6512-1F13-4190-88AC-C63129350E41}"
EndProject
Project("{FAE04EC0-301F-11D3-BF4B-00C04F79EFBC}") = "EsercizioTecnicoOD.MockApi", "EsercizioTecnicoOD.MockApi\EsercizioTecnicoOD.MockApi.csproj", "{7F3713A4-1C8F-4AFD-8AA7-8F209C26E6B6}"
EndProject
Project("{FAE04EC0-301F-11D3-BF4B-00C04F79EFBC}") = "EsercizioTecnicoOD.Tests", "EsercizioTecnicoOD.Tests\EsercizioTecnicoOD.Tests.csproj", "{C79E571E-1874-443B-A2D9-4EFF8FC85662}"
EndProject
Global
	GlobalSection(SolutionConfigurationPlatforms) = preSolution
		Debug|Any CPU = Debug|Any CPU
		Release|Any CPU = Release|Any CPU
	EndGlobalSection
	GlobalSection(ProjectConfigurationPlatforms) = postSolution
		{514F6C7F-95DF-4118-8764-AA9F0A13DDE6}.Debug|Any CPU.ActiveCfg = Debug|Any CPU
		{514F6C7F-95DF-4118-8764-AA9F0A13DDE6}.Debug|Any CPU.Build.0 = Debug|Any CPU
		{514F6C7F-95DF-4118-8764-AA9F0A13DDE6}.Release|Any CPU.ActiveCfg = Release|Any CPU
		{514F6C7F-95DF-4118-8764-AA9F0A13DDE6}.Release|Any CPU.Build.0 = Release|Any CPU
		{609E93F8-02DF-4764-804F-F4DF7EFCDEA2}.Debug|Any CPU.ActiveCfg = Debug|Any CPU
		{609E93F8-02DF-4764-804F-F4DF7EFCDEA2}.Debug|Any CPU.Build.0 = Debug|Any CPU
		{609E93F8-02DF-4764-804F-F4DF7EFCDEA2}.Release|Any CPU.ActiveCfg = Release|Any CPU
		{609E93F8-02DF-4764-804F-F4DF7EFCDEA2}.Release|Any CPU.Build.0 = Release|Any CPU
		{932B6512-1F13-4190-88AC-C63129350E41}.Debug|Any CPU.ActiveCfg = Debug|Any CPU
		{932B6512-1F13-4190-88AC-C63129350E41}.Debug|Any CPU.Build.0 = Debug|Any CPU
		{932B6512-1F13-4190-88AC-C63129350E41}.Release|Any CPU.ActiveCfg = Release|Any CPU
		{932B6512-1F13-4190-88AC-C63129350E41}.Release|Any CPU.Build.0 = Release|Any CPU
		{7F3713A4-1C8F-4AFD-8AA7-8F209C26E6B6}.Debug|Any CPU.ActiveCfg = Debug|Any CPU
		{7F3713A4-1C8F-4AFD-8AA7-8F209C26E6B6}.Debug|Any CPU.Build.0 = Debug|Any CPU
		{7F3713A4-1C8F-4AFD-8AA7-8F209C26E6B6}.Release|Any CPU.ActiveCfg = Release|Any CPU
		{7F3713A4-1C8F-4AFD-8AA7-8F209C26E6B6}.Release|Any CPU.Build.0 = Release|Any CPU
		{C79E571E-1874-443B-A2D9-4EFF8FC85662}.Debug|Any CPU.ActiveCfg = Debug|Any CPU
		{C79E571E-1874-443B-A2D9-4EFF8FC85662}.Debug|Any CPU.Build.0 = Debug|Any CPU
		{C79E571E-1874-443B-A2D9-4EFF8FC85662}.Release|Any CPU.ActiveCfg = Release|Any CPU
		{C79E571E-1874-443B-A2D9-4EFF8FC85662}.Release|Any CPU.Build.0 = Release|Any CPU
	EndGlobalSection
	GlobalSection(SolutionProperties) = preSolution
		HideSolutionNode = FALSE
	EndGlobalSection
	GlobalSection(ExtensibilityGlobals) = postSolution
		SolutionGuid = {55F9B542-4300-4CF1-8B5E-36500A4E70F6}
	EndGlobalSection
EndGlobal
